
Microsoft Visual Studio Solution File, Format Version 12.00
# Visual Studio Version 16
VisualStudioVersion = 16.0.29728.190
MinimumVisualStudioVersion = 10.0.40219.1
Project("{FAE04EC0-301F-11D3-BF4B-00C04F79EFBC}") = "Estrutura Condicional - Lista", "Estrutura Condicional - Lista\Estrutura Condicional - Lista.csproj", "{5B339B84-FA40-4D5E-9912-153E7EB0F046}"
EndProject
Global
	GlobalSection(SolutionConfigurationPlatforms) = preSolution
		Debug|Any CPU = Debug|Any CPU
		Release|Any CPU = Release|Any CPU
	EndGlobalSection
	GlobalSection(ProjectConfigurationPlatforms) = postSolution
		{5B339B84-FA40-4D5E-9912-153E7EB0F046}.Debug|Any CPU.ActiveCfg = Debug|Any CPU
		{5B339B84-FA40-4D5E-9912-153E7EB0F046}.Debug|Any CPU.Build.0 = Debug|Any CPU
		{5B339B84-FA40-4D5E-9912-153E7EB0F046}.Release|Any CPU.ActiveCfg = Release|Any CPU
		{5B339B84-FA40-4D5E-9912-153E7EB0F046}.Release|Any CPU.Build.0 = Release|Any CPU
	EndGlobalSection
	GlobalSection(SolutionProperties) = preSolution
		HideSolutionNode = FALSE
	EndGlobalSection
	GlobalSection(ExtensibilityGlobals) = postSolution
		SolutionGuid = {BAADA37D-41B0-40D5-B2CF-64A8995153B5}
	EndGlobalSection
EndGlobal
