
Microsoft Visual Studio Solution File, Format Version 12.00
# Visual Studio Version 16
VisualStudioVersion = 16.0.29230.47
MinimumVisualStudioVersion = 10.0.40219.1
Project("{FAE04EC0-301F-11D3-BF4B-00C04F79EFBC}") = "Estrutura Sequencial - Exercicio 1", "Estrutura Sequencial - Exercicio 1\Estrutura Sequencial - Exercicio 1.csproj", "{CBDA138A-C825-4C36-AF3D-83950E784CFF}"
EndProject
Global
	GlobalSection(SolutionConfigurationPlatforms) = preSolution
		Debug|Any CPU = Debug|Any CPU
		Release|Any CPU = Release|Any CPU
	EndGlobalSection
	GlobalSection(ProjectConfigurationPlatforms) = postSolution
		{CBDA138A-C825-4C36-AF3D-83950E784CFF}.Debug|Any CPU.ActiveCfg = Debug|Any CPU
		{CBDA138A-C825-4C36-AF3D-83950E784CFF}.Debug|Any CPU.Build.0 = Debug|Any CPU
		{CBDA138A-C825-4C36-AF3D-83950E784CFF}.Release|Any CPU.ActiveCfg = Release|Any CPU
		{CBDA138A-C825-4C36-AF3D-83950E784CFF}.Release|Any CPU.Build.0 = Release|Any CPU
	EndGlobalSection
	GlobalSection(SolutionProperties) = preSolution
		HideSolutionNode = FALSE
	EndGlobalSection
	GlobalSection(ExtensibilityGlobals) = postSolution
		SolutionGuid = {219A2DB2-77A3-406E-9145-8B2311DF59D9}
	EndGlobalSection
EndGlobal
